
Microsoft Visual Studio Solution File, Format Version 12.00
# Visual Studio Version 17
VisualStudioVersion = 17.7.34009.444
MinimumVisualStudioVersion = 10.0.40219.1
Project("{FAE04EC0-301F-11D3-BF4B-00C04F79EFBC}") = "CRCChecksum", "CRCChecksum\CRCChecksum.csproj", "{9B82C199-A3F1-47E8-BEC1-72F5B4C7DF76}"
EndProject
Global
	GlobalSection(SolutionConfigurationPlatforms) = preSolution
		Debug|Any CPU = Debug|Any CPU
		Release|Any CPU = Release|Any CPU
	EndGlobalSection
	GlobalSection(ProjectConfigurationPlatforms) = postSolution
		{9B82C199-A3F1-47E8-BEC1-72F5B4C7DF76}.Debug|Any CPU.ActiveCfg = Debug|Any CPU
		{9B82C199-A3F1-47E8-BEC1-72F5B4C7DF76}.Debug|Any CPU.Build.0 = Debug|Any CPU
		{9B82C199-A3F1-47E8-BEC1-72F5B4C7DF76}.Release|Any CPU.ActiveCfg = Release|Any CPU
		{9B82C199-A3F1-47E8-BEC1-72F5B4C7DF76}.Release|Any CPU.Build.0 = Release|Any CPU
	EndGlobalSection
	GlobalSection(SolutionProperties) = preSolution
		HideSolutionNode = FALSE
	EndGlobalSection
	GlobalSection(ExtensibilityGlobals) = postSolution
		SolutionGuid = {EAF582FA-6E01-4117-A17B-24BB651F9AB6}
	EndGlobalSection
EndGlobal
